{
    "_readme": [
        "This file locks the dependencies of your project to a known state",
        "Read more about it at https://getcomposer.org/doc/01-basic-usage.md#composer-lock-the-lock-file",
        "This file is @generated automatically"
    ],
    "hash": "4eb71bf6b9c06b358e96bc22669bd0a0",
    "content-hash": "2c51bd62855cc4db4a26383c622f45f0",
    "packages": [
        {
            "name": "coff/php-api-datasource",
            "version": "v0.0.2",
            "source": {
                "type": "git",
                "url": "https://github.com/coff/php-api-datasource.git",
                "reference": "fafcbf205effadc7daf057ee5771b246c99c6f28"
            },
            "dist": {
                "type": "zip",
                "url": "https://api.github.com/repos/coff/php-api-datasource/zipball/fafcbf205effadc7daf057ee5771b246c99c6f28",
                "reference": "fafcbf205effadc7daf057ee5771b246c99c6f28",
                "shasum": ""
            },
            "type": "library",
            "autoload": {
                "psr-4": {
                    "Coff\\DataSource\\": "."
                }
            },
            "license": [
                "MIT"
            ],
            "authors": [
                {
                    "name": "Krzysztof Kubanek",
                    "email": "krzysztof.kubanek@gmail.com"
                }
            ],
            "description": "API package for DataSource class",
            "support": {
                "source": "https://github.com/coff/php-api-datasource/tree/v0.0.2",
                "issues": "https://github.com/coff/php-api-datasource/issues"
            },
            "time": "2017-02-09 16:56:09"
        }
    ],
    "packages-dev": [],
    "aliases": [],
    "minimum-stability": "stable",
    "stability-flags": [],
    "prefer-stable": false,
    "prefer-lowest": false,
    "platform": {
        "ext-spi": "*"
    },
    "platform-dev": []
}
