{
    "_readme": [
        "This file locks the dependencies of your project to a known state",
        "Read more about it at https://getcomposer.org/doc/01-basic-usage.md#composer-lock-the-lock-file",
        "This file is @generated automatically"
    ],
    "hash": "29ef19ea417cdbf9fbfc32bd5eb38a82",
    "content-hash": "7a89ec3e0e96fabb2f30732915f61df6",
    "packages": [
        {
            "name": "coff/php-api-datasource",
            "version": "v0.0.4",
            "source": {
                "type": "git",
                "url": "https://github.com/coff/php-api-datasource.git",
                "reference": "337001a5f4e3b8891d37507be261514a0e632f75"
            },
            "dist": {
                "type": "zip",
                "url": "https://api.github.com/repos/coff/php-api-datasource/zipball/337001a5f4e3b8891d37507be261514a0e632f75",
                "reference": "337001a5f4e3b8891d37507be261514a0e632f75",
                "shasum": ""
            },
            "type": "library",
            "autoload": {
                "psr-4": {
                    "Coff\\DataSource\\": "src/"
                }
            },
            "license": [
                "MIT"
            ],
            "authors": [
                {
                    "name": "Krzysztof Kubanek",
                    "email": "krzysztof.kubanek@gmail.com"
                }
            ],
            "description": "API package for DataSource class",
            "support": {
                "source": "https://github.com/coff/php-api-datasource/tree/v0.0.4",
                "issues": "https://github.com/coff/php-api-datasource/issues"
            },
            "time": "2017-02-19 23:01:04"
        }
    ],
    "packages-dev": [],
    "aliases": [],
    "minimum-stability": "stable",
    "stability-flags": [],
    "prefer-stable": false,
    "prefer-lowest": false,
    "platform": {
        "ext-spi": "*"
    },
    "platform-dev": []
}
