{
    "_readme": [
        "This file locks the dependencies of your project to a known state",
        "Read more about it at https://getcomposer.org/doc/01-basic-usage.md#composer-lock-the-lock-file",
        "This file is @generated automatically"
    ],
    "hash": "1598a65b614df25665623d0e4c401843",
    "content-hash": "69b9cdd91e3183967f8c59dba1384165",
    "packages": [
        {
            "name": "coff/php-api-datasource",
            "version": "v0.0.3",
            "source": {
                "type": "git",
                "url": "https://github.com/coff/php-api-datasource.git",
                "reference": "e65f5126a4295126527fc73fee6de3b2bbc061e4"
            },
            "dist": {
                "type": "zip",
                "url": "https://api.github.com/repos/coff/php-api-datasource/zipball/e65f5126a4295126527fc73fee6de3b2bbc061e4",
                "reference": "e65f5126a4295126527fc73fee6de3b2bbc061e4",
                "shasum": ""
            },
            "type": "library",
            "autoload": {
                "psr-4": {
                    "Coff\\DataSource\\": "src/"
                }
            },
            "license": [
                "MIT"
            ],
            "authors": [
                {
                    "name": "Krzysztof Kubanek",
                    "email": "krzysztof.kubanek@gmail.com"
                }
            ],
            "description": "API package for DataSource class",
            "support": {
                "source": "https://github.com/coff/php-api-datasource/tree/v0.0.3",
                "issues": "https://github.com/coff/php-api-datasource/issues"
            },
            "time": "2017-02-09 23:11:12"
        }
    ],
    "packages-dev": [],
    "aliases": [],
    "minimum-stability": "stable",
    "stability-flags": [],
    "prefer-stable": false,
    "prefer-lowest": false,
    "platform": {
        "ext-spi": "*"
    },
    "platform-dev": []
}
